
Microsoft Visual Studio Solution File, Format Version 12.00
# Visual Studio Version 17
VisualStudioVersion = 17.7.34031.279
MinimumVisualStudioVersion = 10.0.40219.1
Project("{FAE04EC0-301F-11D3-BF4B-00C04F79EFBC}") = "lab-2", "lab-2\lab-2.csproj", "{1761A7C0-C3A3-400E-AECD-847CB90F2645}"
EndProject
Project("{FAE04EC0-301F-11D3-BF4B-00C04F79EFBC}") = "lab2.Tests", "lab2.Tests\lab2.Tests.csproj", "{A7CF5893-A38F-4DE8-83DB-88B556B9C2DE}"
EndProject
Global
	GlobalSection(SolutionConfigurationPlatforms) = preSolution
		Debug|Any CPU = Debug|Any CPU
		Release|Any CPU = Release|Any CPU
	EndGlobalSection
	GlobalSection(ProjectConfigurationPlatforms) = postSolution
		{1761A7C0-C3A3-400E-AECD-847CB90F2645}.Debug|Any CPU.ActiveCfg = Debug|Any CPU
		{1761A7C0-C3A3-400E-AECD-847CB90F2645}.Debug|Any CPU.Build.0 = Debug|Any CPU
		{1761A7C0-C3A3-400E-AECD-847CB90F2645}.Release|Any CPU.ActiveCfg = Release|Any CPU
		{1761A7C0-C3A3-400E-AECD-847CB90F2645}.Release|Any CPU.Build.0 = Release|Any CPU
		{A7CF5893-A38F-4DE8-83DB-88B556B9C2DE}.Debug|Any CPU.ActiveCfg = Debug|Any CPU
		{A7CF5893-A38F-4DE8-83DB-88B556B9C2DE}.Debug|Any CPU.Build.0 = Debug|Any CPU
		{A7CF5893-A38F-4DE8-83DB-88B556B9C2DE}.Release|Any CPU.ActiveCfg = Release|Any CPU
		{A7CF5893-A38F-4DE8-83DB-88B556B9C2DE}.Release|Any CPU.Build.0 = Release|Any CPU
	EndGlobalSection
	GlobalSection(SolutionProperties) = preSolution
		HideSolutionNode = FALSE
	EndGlobalSection
	GlobalSection(ExtensibilityGlobals) = postSolution
		SolutionGuid = {0B2D2481-42B7-47F1-B213-C52401CD4612}
	EndGlobalSection
EndGlobal
